version: 6
environments:
  default:
    channels:
    - url: https://conda.anaconda.org/conda-forge/
    indexes:
    - https://pypi.org/simple
    options:
      pypi-prerelease-mode: if-necessary-or-explicit
    packages:
      win-64:
      - conda: https://conda.anaconda.org/conda-forge/win-64/bzip2-1.0.8-h0ad9c76_9.conda
      - conda: https://conda.anaconda.org/conda-forge/noarch/ca-certificates-2026.2.25-h4c7d964_0.conda
      - conda: https://conda.anaconda.org/conda-forge/win-64/cffi-2.0.0-py314h5a2d7ad_1.conda
      - conda: https://conda.anaconda.org/conda-forge/win-64/cryptography-46.0.5-py314he884d78_0.conda
      - conda: https://conda.anaconda.org/conda-forge/win-64/freetds-1.5.14-pl5321ha65405a_0.conda
      - conda: https://conda.anaconda.org/conda-forge/win-64/greenlet-3.3.2-py314hb98de8c_0.conda
      - conda: https://conda.anaconda.org/conda-forge/win-64/icu-78.2-h637d24d_0.conda
      - conda: https://conda.anaconda.org/conda-forge/win-64/krb5-1.22.2-h0ea6238_0.conda
      - conda: https://conda.anaconda.org/conda-forge/win-64/libexpat-2.7.4-hac47afa_0.conda
      - conda: https://conda.anaconda.org/conda-forge/win-64/libffi-3.5.2-h3d046cb_0.conda
      - conda: https://conda.anaconda.org/conda-forge/win-64/liblzma-5.8.2-hfd05255_0.conda
      - conda: https://conda.anaconda.org/conda-forge/win-64/libmpdec-4.0.0-hfd05255_1.conda
      - conda: https://conda.anaconda.org/conda-forge/win-64/libpq-18.3-h48f6f2b_0.conda
      - conda: https://conda.anaconda.org/conda-forge/win-64/libsqlite-3.51.2-hf5d6505_0.conda
      - conda: https://conda.anaconda.org/conda-forge/win-64/libzlib-1.3.1-h2466b09_2.conda
      - conda: https://conda.anaconda.org/conda-forge/win-64/openssl-3.6.1-hf411b9b_1.conda
      - conda: https://conda.anaconda.org/conda-forge/win-64/oracledb-3.4.2-py314hc5dbbe4_1.conda
      - conda: https://conda.anaconda.org/conda-forge/win-64/perl-5.32.1.1-7_h57928b3_strawberry.conda
      - conda: https://conda.anaconda.org/conda-forge/noarch/psycopg-3.3.3-pyh848bd53_0.conda
      - conda: https://conda.anaconda.org/conda-forge/win-64/psycopg-c-3.3.3-py314hadde02f_0.conda
      - conda: https://conda.anaconda.org/conda-forge/noarch/pycparser-2.22-pyh29332c3_1.conda
      - conda: https://conda.anaconda.org/conda-forge/win-64/pymssql-2.3.13-py314hb98de8c_0.conda
      - conda: https://conda.anaconda.org/conda-forge/noarch/pymysql-1.1.2-pyhcf101f3_0.conda
      - conda: https://conda.anaconda.org/conda-forge/win-64/python-3.14.3-h4b44e0e_101_cp314.conda
      - conda: https://conda.anaconda.org/conda-forge/noarch/python_abi-3.14-8_cp314.conda
      - conda: https://conda.anaconda.org/conda-forge/win-64/sqlalchemy-2.0.47-py314hc5dbbe4_0.conda
      - conda: https://conda.anaconda.org/conda-forge/win-64/tk-8.6.13-h6ed50ae_3.conda
      - conda: https://conda.anaconda.org/conda-forge/noarch/tomli-w-1.2.0-pyhd8ed1ab_0.conda
      - conda: https://conda.anaconda.org/conda-forge/noarch/typing-extensions-4.15.0-h396c80c_0.conda
      - conda: https://conda.anaconda.org/conda-forge/noarch/typing_extensions-4.15.0-pyhcf101f3_0.conda
      - conda: https://conda.anaconda.org/conda-forge/noarch/tzdata-2025c-hc9c84f9_1.conda
      - conda: https://conda.anaconda.org/conda-forge/win-64/ucrt-10.0.26100.0-h57928b3_0.conda
      - conda: https://conda.anaconda.org/conda-forge/win-64/vc-14.3-h41ae7f8_34.conda
      - conda: https://conda.anaconda.org/conda-forge/win-64/vc14_runtime-14.44.35208-h818238b_34.conda
      - conda: https://conda.anaconda.org/conda-forge/win-64/vcomp14-14.44.35208-h818238b_34.conda
      - conda: https://conda.anaconda.org/conda-forge/win-64/zstd-1.5.7-h534d264_6.conda
      - pypi: ./
packages:
- conda: https://conda.anaconda.org/conda-forge/win-64/bzip2-1.0.8-h0ad9c76_9.conda
  sha256: 76dfb71df5e8d1c4eded2dbb5ba15bb8fb2e2b0fe42d94145d5eed4c75c35902
  md5: 4cb8e6b48f67de0b018719cdf1136306
  depends:
  - ucrt >=10.0.20348.0
  - vc >=14.3,<15
  - vc14_runtime >=14.44.35208
  license: bzip2-1.0.6
  license_family: BSD
  purls: []
  size: 56115
  timestamp: 1771350256444
- conda: https://conda.anaconda.org/conda-forge/noarch/ca-certificates-2026.2.25-h4c7d964_0.conda
  sha256: 37950019c59b99585cee5d30dbc2cc9696ed4e11f5742606a4db1621ed8f94d6
  md5: f001e6e220355b7f87403a4d0e5bf1ca
  depends:
  - __win
  license: ISC
  purls: []
  size: 147734
  timestamp: 1772006322223
- conda: https://conda.anaconda.org/conda-forge/win-64/cffi-2.0.0-py314h5a2d7ad_1.conda
  sha256: 924f2f01fa7a62401145ef35ab6fc95f323b7418b2644a87fea0ea68048880ed
  md5: c360170be1c9183654a240aadbedad94
  depends:
  - pycparser
  - python >=3.14,<3.15.0a0
  - python_abi 3.14.* *_cp314
  - ucrt >=10.0.20348.0
  - vc >=14.3,<15
  - vc14_runtime >=14.44.35208
  license: MIT
  license_family: MIT
  purls:
  - pkg:pypi/cffi?source=hash-mapping
  size: 294731
  timestamp: 1761203441365
- conda: https://conda.anaconda.org/conda-forge/win-64/cryptography-46.0.5-py314he884d78_0.conda
  sha256: c864641021c1e9a7b904813df3f591b91fdbf04eeef3f58360945b3ed9326236
  md5: 5fb776270e6f5ffb123a8b2c93605d1f
  depends:
  - cffi >=1.14
  - openssl >=3.5.5,<4.0a0
  - python >=3.14,<3.15.0a0
  - python_abi 3.14.* *_cp314
  - ucrt >=10.0.20348.0
  - vc >=14.3,<15
  - vc14_runtime >=14.44.35208
  license: Apache-2.0 AND BSD-3-Clause AND PSF-2.0 AND MIT
  license_family: BSD
  purls:
  - pkg:pypi/cryptography?source=hash-mapping
  size: 1492181
  timestamp: 1770772636527
- pypi: ./
  name: db-connector-tool
  version: 0.6.0
  sha256: 5e13d2d5fcf88d1718bce4df020a74ee3967a49bec260246bb7054d73c6ae5a1
  requires_dist:
  - cryptography>=46.0.0
  - sqlalchemy>=2.0.0
  - tomli-w>=1.0.0
  - jaydebeapi>=1.2.3,<2 ; extra == 'all'
  - jpype1==1.5.2 ; extra == 'all'
  - keyring>=23.0.0 ; extra == 'all'
  - oracledb>=3.0.0 ; extra == 'all'
  - psycopg>=3.0.0 ; extra == 'all'
  - pymssql>=2.0.0 ; extra == 'all'
  - pymysql>=1.0.0 ; extra == 'all'
  - python-dateutil>=2.8.0,<3 ; extra == 'all'
  - black>=23.0.0 ; extra == 'dev'
  - isort>=5.12.0 ; extra == 'dev'
  - pyright>=1.0.0 ; extra == 'dev'
  - pytest-cov>=4.0.0 ; extra == 'dev'
  - pytest>=7.0.0 ; extra == 'dev'
  - jaydebeapi>=1.2.3,<2 ; extra == 'gbase8s'
  - jpype1==1.5.2 ; extra == 'gbase8s'
  - python-dateutil>=2.8.0,<3 ; extra == 'gbase8s'
  - pymysql>=1.0.0 ; extra == 'mysql'
  - oracledb>=3.0.0 ; extra == 'oracle'
  - psycopg>=3.0.0 ; extra == 'postgresql'
  - keyring>=23.0.0 ; extra == 'secure'
  - pymssql>=2.0.0 ; extra == 'sqlserver'
  requires_python: '>=3.8'
- conda: https://conda.anaconda.org/conda-forge/win-64/freetds-1.5.14-pl5321ha65405a_0.conda
  sha256: 1efc183c4947735c8914cdd5b5d8e45e85302b3b37244fed6cc3f3761c089579
  md5: 83df16a3b19d6a422157efedd0cb9ec8
  depends:
  - vc >=14.3,<15
  - vc14_runtime >=14.44.35208
  - ucrt >=10.0.20348.0
  - perl >=5.32.1.1,<5.33.0a0 *_strawberry
  - openssl >=3.5.5,<4.0a0
  license: LGPL-2.0-only
  license_family: LGPL
  purls: []
  size: 959142
  timestamp: 1772362336906
- conda: https://conda.anaconda.org/conda-forge/win-64/greenlet-3.3.2-py314hb98de8c_0.conda
  sha256: b61f03453a5807b8967db6d8d16a37c56b96456d6883002ee87725d083617973
  md5: 64347a7bd3297554c5e7ae49dd268f9a
  depends:
  - python
  - vc >=14.3,<15
  - vc14_runtime >=14.44.35208
  - ucrt >=10.0.20348.0
  - python_abi 3.14.* *_cp314
  license: MIT
  license_family: MIT
  purls:
  - pkg:pypi/greenlet?source=hash-mapping
  size: 237568
  timestamp: 1771658406473
- conda: https://conda.anaconda.org/conda-forge/win-64/icu-78.2-h637d24d_0.conda
  sha256: 5a41fb28971342e293769fc968b3414253a2f8d9e30ed7c31517a15b4887246a
  md5: 0ee3bb487600d5e71ab7d28951b2016a
  depends:
  - ucrt >=10.0.20348.0
  - vc >=14.3,<15
  - vc14_runtime >=14.44.35208
  license: MIT
  license_family: MIT
  purls: []
  size: 13222158
  timestamp: 1767970128854
- conda: https://conda.anaconda.org/conda-forge/win-64/krb5-1.22.2-h0ea6238_0.conda
  sha256: eb60f1ad8b597bcf95dee11bc11fe71a8325bc1204cf51d2bb1f2120ffd77761
  md5: 4432f52dc0c8eb6a7a6abc00a037d93c
  depends:
  - openssl >=3.5.5,<4.0a0
  - ucrt >=10.0.20348.0
  - vc >=14.3,<15
  - vc14_runtime >=14.44.35208
  license: MIT
  license_family: MIT
  purls: []
  size: 751055
  timestamp: 1769769688841
- conda: https://conda.anaconda.org/conda-forge/win-64/libexpat-2.7.4-hac47afa_0.conda
  sha256: b31f6fb629c4e17885aaf2082fb30384156d16b48b264e454de4a06a313b533d
  md5: 1c1ced969021592407f16ada4573586d
  depends:
  - ucrt >=10.0.20348.0
  - vc >=14.3,<15
  - vc14_runtime >=14.44.35208
  constrains:
  - expat 2.7.4.*
  license: MIT
  license_family: MIT
  purls: []
  size: 70323
  timestamp: 1771259521393
- conda: https://conda.anaconda.org/conda-forge/win-64/libffi-3.5.2-h3d046cb_0.conda
  sha256: 59d01f2dfa8b77491b5888a5ab88ff4e1574c9359f7e229da254cdfe27ddc190
  md5: 720b39f5ec0610457b725eb3f396219a
  depends:
  - ucrt >=10.0.20348.0
  - vc >=14.3,<15
  - vc14_runtime >=14.44.35208
  license: MIT
  license_family: MIT
  purls: []
  size: 45831
  timestamp: 1769456418774
- conda: https://conda.anaconda.org/conda-forge/win-64/liblzma-5.8.2-hfd05255_0.conda
  sha256: f25bf293f550c8ed2e0c7145eb404324611cfccff37660869d97abf526eb957c
  md5: ba0bfd4c3cf73f299ffe46ff0eaeb8e3
  depends:
  - ucrt >=10.0.20348.0
  - vc >=14.3,<15
  - vc14_runtime >=14.44.35208
  constrains:
  - xz 5.8.2.*
  license: 0BSD
  purls: []
  size: 106169
  timestamp: 1768752763559
- conda: https://conda.anaconda.org/conda-forge/win-64/libmpdec-4.0.0-hfd05255_1.conda
  sha256: 40dcd0b9522a6e0af72a9db0ced619176e7cfdb114855c7a64f278e73f8a7514
  md5: e4a9fc2bba3b022dad998c78856afe47
  depends:
  - ucrt >=10.0.20348.0
  - vc >=14.3,<15
  - vc14_runtime >=14.44.35208
  license: BSD-2-Clause
  license_family: BSD
  purls: []
  size: 89411
  timestamp: 1769482314283
- conda: https://conda.anaconda.org/conda-forge/win-64/libpq-18.3-h48f6f2b_0.conda
  sha256: 7858f3eea0128568e3a2d18686633ec8b2ec4ece3e0d3449cca95b6da36d6598
  md5: 42a5252e55d0ab4de41e3dd88c0da54f
  depends:
  - icu >=78.2,<79.0a0
  - krb5 >=1.22.2,<1.23.0a0
  - openssl >=3.5.5,<4.0a0
  - ucrt >=10.0.20348.0
  - vc >=14.3,<15
  - vc14_runtime >=14.44.35208
  license: PostgreSQL
  purls: []
  size: 4228071
  timestamp: 1772136737999
- conda: https://conda.anaconda.org/conda-forge/win-64/libsqlite-3.51.2-hf5d6505_0.conda
  sha256: 756478128e3e104bd7e7c3ce6c1b0efad7e08c7320c69fdc726e039323c63fbb
  md5: 903979414b47d777d548e5f0165e6cd8
  depends:
  - ucrt >=10.0.20348.0
  - vc >=14.3,<15
  - vc14_runtime >=14.44.35208
  license: blessing
  purls: []
  size: 1291616
  timestamp: 1768148278261
- conda: https://conda.anaconda.org/conda-forge/win-64/libzlib-1.3.1-h2466b09_2.conda
  sha256: ba945c6493449bed0e6e29883c4943817f7c79cbff52b83360f7b341277c6402
  md5: 41fbfac52c601159df6c01f875de31b9
  depends:
  - ucrt >=10.0.20348.0
  - vc >=14.2,<15
  - vc14_runtime >=14.29.30139
  constrains:
  - zlib 1.3.1 *_2
  license: Zlib
  license_family: Other
  purls: []
  size: 55476
  timestamp: 1727963768015
- conda: https://conda.anaconda.org/conda-forge/win-64/openssl-3.6.1-hf411b9b_1.conda
  sha256: 53a5ad2e5553b8157a91bb8aa375f78c5958f77cb80e9d2ce59471ea8e5c0bd6
  md5: eb585509b815415bc964b2c7e11c7eb3
  depends:
  - ca-certificates
  - ucrt >=10.0.20348.0
  - vc >=14.3,<15
  - vc14_runtime >=14.44.35208
  license: Apache-2.0
  license_family: Apache
  purls: []
  size: 9343023
  timestamp: 1769557547888
- conda: https://conda.anaconda.org/conda-forge/win-64/oracledb-3.4.2-py314hc5dbbe4_1.conda
  sha256: 23ddfe65a86d3cafd9b470239b3a62a5432d37d45e5c030fce15ac32e6367ca4
  md5: 9eabbc1fa991cb4b3617679f6445a620
  depends:
  - python
  - cryptography >=3.2.1
  - typing_extensions >=4.14.0
  - vc >=14.3,<15
  - vc14_runtime >=14.44.35208
  - ucrt >=10.0.20348.0
  - python_abi 3.14.* *_cp314
  license: Apache-2.0
  license_family: APACHE
  purls:
  - pkg:pypi/oracledb?source=hash-mapping
  size: 1562648
  timestamp: 1769696583576
- conda: https://conda.anaconda.org/conda-forge/win-64/perl-5.32.1.1-7_h57928b3_strawberry.conda
  build_number: 7
  sha256: 9e8ab3e0a3a264e68c6a36897b6fdcdb5d32d30b22f238f23a89ab670f1e6612
  md5: 07cdf8cf0276211b079a5d57d7853dc4
  license: GPL-1.0-or-later OR Artistic-1.0-Perl
  purls: []
  size: 28889712
  timestamp: 1703310809518
- conda: https://conda.anaconda.org/conda-forge/noarch/psycopg-3.3.3-pyh848bd53_0.conda
  sha256: 7048838d518c2dad46f07d57b9a03f0fa1a9b6ce734ecc8e127e6c23dfefa54e
  md5: 17e4acfeab4c3a4ce6c74a3455cdc9e9
  depends:
  - libpq
  - psycopg-c >=3.3.3,<3.3.4.0a0
  - python >=3.10
  - typing-extensions >=4.6
  license: LGPL-3.0-only
  license_family: LGPL
  purls:
  - pkg:pypi/psycopg?source=compressed-mapping
  size: 145858
  timestamp: 1771456301047
- conda: https://conda.anaconda.org/conda-forge/win-64/psycopg-c-3.3.3-py314hadde02f_0.conda
  sha256: 75ee66c6c676ed3f3d7fdf51eb52cd58d6ab015beaf4221c9c0c1d318da97fec
  md5: 66992527ee861a93aca9cd6e784a3e2c
  depends:
  - libpq >=18.2,<19.0a0
  - python >=3.14,<3.15.0a0
  - python_abi 3.14.* *_cp314
  - ucrt >=10.0.20348.0
  - vc >=14.3,<15
  - vc14_runtime >=14.44.35208
  license: LGPL-3.0-only
  license_family: LGPL
  purls:
  - pkg:pypi/psycopg-c?source=hash-mapping
  size: 612285
  timestamp: 1771456142503
- conda: https://conda.anaconda.org/conda-forge/noarch/pycparser-2.22-pyh29332c3_1.conda
  sha256: 79db7928d13fab2d892592223d7570f5061c192f27b9febd1a418427b719acc6
  md5: 12c566707c80111f9799308d9e265aef
  depends:
  - python >=3.9
  - python
  license: BSD-3-Clause
  license_family: BSD
  purls:
  - pkg:pypi/pycparser?source=hash-mapping
  size: 110100
  timestamp: 1733195786147
- conda: https://conda.anaconda.org/conda-forge/win-64/pymssql-2.3.13-py314hb98de8c_0.conda
  sha256: de03c62ba62a824865ba24305599c29cfdd6643c58d020525065688b2c0b5b21
  md5: 0fa266689324e91a32f4771293b3db75
  depends:
  - python
  - freetds
  - vc >=14.3,<15
  - vc14_runtime >=14.44.35208
  - ucrt >=10.0.20348.0
  - freetds >=1.5.11,<2.0a0
  - python_abi 3.14.* *_cp314
  license: LGPL-2.1-or-later
  purls:
  - pkg:pypi/pymssql?source=hash-mapping
  size: 241863
  timestamp: 1771089361125
- conda: https://conda.anaconda.org/conda-forge/noarch/pymysql-1.1.2-pyhcf101f3_0.conda
  sha256: d3a66e4c2d2641ca96d3fe44609893880e4224471b2d6408321db52ced752861
  md5: 61f563c0fdc31563304deab040b48926
  depends:
  - python >=3.10
  - python
  license: MIT
  license_family: MIT
  purls:
  - pkg:pypi/pymysql?source=hash-mapping
  size: 46152
  timestamp: 1756086805244
- conda: https://conda.anaconda.org/conda-forge/win-64/python-3.14.3-h4b44e0e_101_cp314.conda
  build_number: 101
  sha256: 3f99d83bfd95b9bdae64a42a1e4bf5131dc20b724be5ac8a9a7e1ac2c0f006d7
  md5: 7ec2be7eaf59f83f3e5617665f3fbb2e
  depends:
  - bzip2 >=1.0.8,<2.0a0
  - libexpat >=2.7.3,<3.0a0
  - libffi >=3.5.2,<3.6.0a0
  - liblzma >=5.8.2,<6.0a0
  - libmpdec >=4.0.0,<5.0a0
  - libsqlite >=3.51.2,<4.0a0
  - libzlib >=1.3.1,<2.0a0
  - openssl >=3.5.5,<4.0a0
  - python_abi 3.14.* *_cp314
  - tk >=8.6.13,<8.7.0a0
  - tzdata
  - ucrt >=10.0.20348.0
  - vc >=14.3,<15
  - vc14_runtime >=14.44.35208
  - zstd >=1.5.7,<1.6.0a0
  license: Python-2.0
  purls: []
  size: 18273230
  timestamp: 1770675442998
  python_site_packages_path: Lib/site-packages
- conda: https://conda.anaconda.org/conda-forge/noarch/python_abi-3.14-8_cp314.conda
  build_number: 8
  sha256: ad6d2e9ac39751cc0529dd1566a26751a0bf2542adb0c232533d32e176e21db5
  md5: 0539938c55b6b1a59b560e843ad864a4
  constrains:
  - python 3.14.* *_cp314
  license: BSD-3-Clause
  license_family: BSD
  purls: []
  size: 6989
  timestamp: 1752805904792
- conda: https://conda.anaconda.org/conda-forge/win-64/sqlalchemy-2.0.47-py314hc5dbbe4_0.conda
  sha256: 766a2367644e507e6136ddc411efdae6fc1865d4dd916e64fc2c339d78daf83b
  md5: 3f59d7f0f3dd23fc701d631d2ca5306f
  depends:
  - python
  - greenlet !=0.4.17
  - typing-extensions >=4.6.0
  - vc >=14.3,<15
  - vc14_runtime >=14.44.35208
  - ucrt >=10.0.20348.0
  - python_abi 3.14.* *_cp314
  license: MIT
  license_family: MIT
  purls:
  - pkg:pypi/sqlalchemy?source=compressed-mapping
  size: 3979804
  timestamp: 1771967329879
- conda: https://conda.anaconda.org/conda-forge/win-64/tk-8.6.13-h6ed50ae_3.conda
  sha256: 0e79810fae28f3b69fe7391b0d43f5474d6bd91d451d5f2bde02f55ae481d5e3
  md5: 0481bfd9814bf525bd4b3ee4b51494c4
  depends:
  - ucrt >=10.0.20348.0
  - vc >=14.3,<15
  - vc14_runtime >=14.44.35208
  license: TCL
  license_family: BSD
  purls: []
  size: 3526350
  timestamp: 1769460339384
- conda: https://conda.anaconda.org/conda-forge/noarch/tomli-w-1.2.0-pyhd8ed1ab_0.conda
  sha256: 304834f2438017921d69f05b3f5a6394b42dc89a90a6128a46acbf8160d377f6
  md5: 32e37e8fe9ef45c637ee38ad51377769
  depends:
  - python >=3.9
  license: MIT
  license_family: MIT
  purls:
  - pkg:pypi/tomli-w?source=hash-mapping
  size: 12680
  timestamp: 1736962345843
- conda: https://conda.anaconda.org/conda-forge/noarch/typing-extensions-4.15.0-h396c80c_0.conda
  sha256: 7c2df5721c742c2a47b2c8f960e718c930031663ac1174da67c1ed5999f7938c
  md5: edd329d7d3a4ab45dcf905899a7a6115
  depends:
  - typing_extensions ==4.15.0 pyhcf101f3_0
  license: PSF-2.0
  license_family: PSF
  purls: []
  size: 91383
  timestamp: 1756220668932
- conda: https://conda.anaconda.org/conda-forge/noarch/typing_extensions-4.15.0-pyhcf101f3_0.conda
  sha256: 032271135bca55aeb156cee361c81350c6f3fb203f57d024d7e5a1fc9ef18731
  md5: 0caa1af407ecff61170c9437a808404d
  depends:
  - python >=3.10
  - python
  license: PSF-2.0
  license_family: PSF
  purls:
  - pkg:pypi/typing-extensions?source=hash-mapping
  size: 51692
  timestamp: 1756220668932
- conda: https://conda.anaconda.org/conda-forge/noarch/tzdata-2025c-hc9c84f9_1.conda
  sha256: 1d30098909076af33a35017eed6f2953af1c769e273a0626a04722ac4acaba3c
  md5: ad659d0a2b3e47e38d829aa8cad2d610
  license: LicenseRef-Public-Domain
  purls: []
  size: 119135
  timestamp: 1767016325805
- conda: https://conda.anaconda.org/conda-forge/win-64/ucrt-10.0.26100.0-h57928b3_0.conda
  sha256: 3005729dce6f3d3f5ec91dfc49fc75a0095f9cd23bab49efb899657297ac91a5
  md5: 71b24316859acd00bdb8b38f5e2ce328
  constrains:
  - vc14_runtime >=14.29.30037
  - vs2015_runtime >=14.29.30037
  license: LicenseRef-MicrosoftWindowsSDK10
  purls: []
  size: 694692
  timestamp: 1756385147981
- conda: https://conda.anaconda.org/conda-forge/win-64/vc-14.3-h41ae7f8_34.conda
  sha256: 9dc40c2610a6e6727d635c62cced5ef30b7b30123f5ef67d6139e23d21744b3a
  md5: 1e610f2416b6acdd231c5f573d754a0f
  depends:
  - vc14_runtime >=14.44.35208
  track_features:
  - vc14
  license: BSD-3-Clause
  license_family: BSD
  purls: []
  size: 19356
  timestamp: 1767320221521
- conda: https://conda.anaconda.org/conda-forge/win-64/vc14_runtime-14.44.35208-h818238b_34.conda
  sha256: 02732f953292cce179de9b633e74928037fa3741eb5ef91c3f8bae4f761d32a5
  md5: 37eb311485d2d8b2c419449582046a42
  depends:
  - ucrt >=10.0.20348.0
  - vcomp14 14.44.35208 h818238b_34
  constrains:
  - vs2015_runtime 14.44.35208.* *_34
  license: LicenseRef-MicrosoftVisualCpp2015-2022Runtime
  license_family: Proprietary
  purls: []
  size: 683233
  timestamp: 1767320219644
- conda: https://conda.anaconda.org/conda-forge/win-64/vcomp14-14.44.35208-h818238b_34.conda
  sha256: 878d5d10318b119bd98ed3ed874bd467acbe21996e1d81597a1dbf8030ea0ce6
  md5: 242d9f25d2ae60c76b38a5e42858e51d
  depends:
  - ucrt >=10.0.20348.0
  constrains:
  - vs2015_runtime 14.44.35208.* *_34
  license: LicenseRef-MicrosoftVisualCpp2015-2022Runtime
  license_family: Proprietary
  purls:
  - pkg:pypi/vcomp14
  size: 115235
  timestamp: 1767320173250
- conda: https://conda.anaconda.org/conda-forge/win-64/zstd-1.5.7-h534d264_6.conda
  sha256: 368d8628424966fd8f9c8018326a9c779e06913dd39e646cf331226acc90e5b2
  md5: 053b84beec00b71ea8ff7a4f84b55207
  depends:
  - vc >=14.3,<15
  - vc14_runtime >=14.44.35208
  - ucrt >=10.0.20348.0
  - libzlib >=1.3.1,<2.0a0
  license: BSD-3-Clause
  license_family: BSD
  purls: []
  size: 388453
  timestamp: 1764777142545
