version: 6
environments:
  default:
    channels:
    - url: https://conda.anaconda.org/conda-forge/
    indexes:
    - https://pypi.org/simple
    packages:
      win-64:
      - conda: https://conda.anaconda.org/conda-forge/win-64/bzip2-1.0.8-h0ad9c76_8.conda
      - conda: https://conda.anaconda.org/conda-forge/noarch/ca-certificates-2025.10.5-h4c7d964_0.conda
      - conda: https://conda.anaconda.org/conda-forge/win-64/cffi-2.0.0-py314h5a2d7ad_1.conda
      - conda: https://conda.anaconda.org/conda-forge/win-64/cryptography-46.0.3-py314hb42d478_0.conda
      - conda: https://conda.anaconda.org/conda-forge/win-64/freetds-1.5.8-pl5321ha65405a_0.conda
      - conda: https://conda.anaconda.org/conda-forge/win-64/greenlet-3.2.4-py314h13fbf68_1.conda
      - conda: https://conda.anaconda.org/conda-forge/win-64/icu-75.1-he0c23c2_0.conda
      - conda: https://conda.anaconda.org/conda-forge/win-64/krb5-1.21.3-hdf4eb48_0.conda
      - conda: https://conda.anaconda.org/conda-forge/win-64/libexpat-2.7.1-hac47afa_0.conda
      - conda: https://conda.anaconda.org/conda-forge/win-64/libffi-3.5.2-h52bdfb6_0.conda
      - conda: https://conda.anaconda.org/conda-forge/win-64/liblzma-5.8.1-h2466b09_2.conda
      - conda: https://conda.anaconda.org/conda-forge/win-64/libmpdec-4.0.0-h2466b09_0.conda
      - conda: https://conda.anaconda.org/conda-forge/win-64/libpq-18.0-h063c6db_0.conda
      - conda: https://conda.anaconda.org/conda-forge/win-64/libsqlite-3.51.0-hf5d6505_0.conda
      - conda: https://conda.anaconda.org/conda-forge/win-64/libzlib-1.3.1-h2466b09_2.conda
      - conda: https://conda.anaconda.org/conda-forge/win-64/openssl-3.5.4-h725018a_0.conda
      - conda: https://conda.anaconda.org/conda-forge/win-64/oracledb-3.4.0-py314h5a2d7ad_0.conda
      - conda: https://conda.anaconda.org/conda-forge/win-64/perl-5.32.1.1-7_h57928b3_strawberry.conda
      - conda: https://conda.anaconda.org/conda-forge/noarch/psycopg-3.2.12-pyh848bd53_0.conda
      - conda: https://conda.anaconda.org/conda-forge/win-64/psycopg-c-3.2.12-py314hadde02f_0.conda
      - conda: https://conda.anaconda.org/conda-forge/noarch/pycparser-2.22-pyh29332c3_1.conda
      - conda: https://conda.anaconda.org/conda-forge/win-64/pymssql-2.3.8-py314h13fbf68_0.conda
      - conda: https://conda.anaconda.org/conda-forge/noarch/pymysql-1.1.2-pyhcf101f3_0.conda
      - conda: https://conda.anaconda.org/conda-forge/win-64/python-3.14.0-h4b44e0e_102_cp314.conda
      - conda: https://conda.anaconda.org/conda-forge/noarch/python_abi-3.14-8_cp314.conda
      - conda: https://conda.anaconda.org/conda-forge/win-64/sqlalchemy-2.0.44-py314h5a2d7ad_0.conda
      - conda: https://conda.anaconda.org/conda-forge/win-64/tk-8.6.13-h2c6b04d_2.conda
      - conda: https://conda.anaconda.org/conda-forge/noarch/tomli-w-1.2.0-pyhd8ed1ab_0.conda
      - conda: https://conda.anaconda.org/conda-forge/noarch/typing-extensions-4.15.0-h396c80c_0.conda
      - conda: https://conda.anaconda.org/conda-forge/noarch/typing_extensions-4.15.0-pyhcf101f3_0.conda
      - conda: https://conda.anaconda.org/conda-forge/noarch/tzdata-2025b-h78e105d_0.conda
      - conda: https://conda.anaconda.org/conda-forge/win-64/ucrt-10.0.26100.0-h57928b3_0.conda
      - conda: https://conda.anaconda.org/conda-forge/win-64/vc-14.3-h2b53caa_32.conda
      - conda: https://conda.anaconda.org/conda-forge/win-64/vc14_runtime-14.44.35208-h818238b_32.conda
      - conda: https://conda.anaconda.org/conda-forge/win-64/vcomp14-14.44.35208-h818238b_32.conda
      - conda: https://conda.anaconda.org/conda-forge/win-64/zstd-1.5.7-hbeecb71_2.conda
      - pypi: https://files.pythonhosted.org/packages/ff/1f/6a627c9bd7dea13235b65fce0fff987507269d41f957c578031796f70319/JayDeBeApi-1.2.3-py3-none-any.whl
      - pypi: https://files.pythonhosted.org/packages/bd/68/47fa634cbd0418cbca86355e9421425f5892ee994f7338106327e49f9117/jpype1-1.5.2.tar.gz
      - pypi: https://files.pythonhosted.org/packages/20/12/38679034af332785aac8774540895e234f4d07f7545804097de4b666afd8/packaging-25.0-py3-none-any.whl
      - pypi: ./
packages:
- conda: https://conda.anaconda.org/conda-forge/win-64/bzip2-1.0.8-h0ad9c76_8.conda
  sha256: d882712855624641f48aa9dc3f5feea2ed6b4e6004585d3616386a18186fe692
  md5: 1077e9333c41ff0be8edd1a5ec0ddace
  depends:
  - ucrt >=10.0.20348.0
  - vc >=14.3,<15
  - vc14_runtime >=14.44.35208
  license: bzip2-1.0.6
  license_family: BSD
  purls: []
  size: 55977
  timestamp: 1757437738856
- conda: https://conda.anaconda.org/conda-forge/noarch/ca-certificates-2025.10.5-h4c7d964_0.conda
  sha256: bfb7f9f242f441fdcd80f1199edd2ecf09acea0f2bcef6f07d7cbb1a8131a345
  md5: e54200a1cd1fe33d61c9df8d3b00b743
  depends:
  - __win
  license: ISC
  purls: []
  size: 156354
  timestamp: 1759649104842
- conda: https://conda.anaconda.org/conda-forge/win-64/cffi-2.0.0-py314h5a2d7ad_1.conda
  sha256: 924f2f01fa7a62401145ef35ab6fc95f323b7418b2644a87fea0ea68048880ed
  md5: c360170be1c9183654a240aadbedad94
  depends:
  - pycparser
  - python >=3.14,<3.15.0a0
  - python_abi 3.14.* *_cp314
  - ucrt >=10.0.20348.0
  - vc >=14.3,<15
  - vc14_runtime >=14.44.35208
  license: MIT
  license_family: MIT
  purls:
  - pkg:pypi/cffi?source=hash-mapping
  size: 294731
  timestamp: 1761203441365
- conda: https://conda.anaconda.org/conda-forge/win-64/cryptography-46.0.3-py314hb42d478_0.conda
  sha256: 11a9d31c785305a404e53671e47c8f4d725c29056661cdb281758c83430ff8f7
  md5: ca484e8a65e8e73bfae162d81c330108
  depends:
  - cffi >=1.14
  - openssl >=3.5.4,<4.0a0
  - python >=3.14,<3.15.0a0
  - python_abi 3.14.* *_cp314
  - ucrt >=10.0.20348.0
  - vc >=14.3,<15
  - vc14_runtime >=14.44.35208
  license: Apache-2.0 AND BSD-3-Clause AND PSF-2.0 AND MIT
  license_family: BSD
  purls:
  - pkg:pypi/cryptography?source=hash-mapping
  size: 1491265
  timestamp: 1760605228843
- pypi: ./
  name: db-connector-tool
  version: 0.1.2
  sha256: 6e5ca655e1187b040bcfb6cdcd13041503d783b0c0fdbef7cc188231ca7ab349
  requires_dist:
  - cryptography>=46.0.0
  - jaydebeapi>=1.2.3,<2
  - jpype1==1.5.2
  - sqlalchemy>=2.0.0
  - tomli-w>=1.0.0
  - oracledb>=3.0.0 ; extra == 'all'
  - psycopg>=3.0.0 ; extra == 'all'
  - pymssql>=2.0.0 ; extra == 'all'
  - pymysql>=1.0.0 ; extra == 'all'
  - black>=23.0.0 ; extra == 'dev'
  - isort>=5.12.0 ; extra == 'dev'
  - pyright>=1.0.0 ; extra == 'dev'
  - pytest-cov>=4.0.0 ; extra == 'dev'
  - pytest>=7.0.0 ; extra == 'dev'
  - pymysql>=1.0.0 ; extra == 'mysql'
  - oracledb>=3.0.0 ; extra == 'oracle'
  - psycopg>=3.0.0 ; extra == 'postgresql'
  - pymssql>=2.0.0 ; extra == 'sqlserver'
  requires_python: '>=3.8'
  editable: true
- conda: https://conda.anaconda.org/conda-forge/win-64/freetds-1.5.8-pl5321ha65405a_0.conda
  sha256: c61e73bb3ccac5d2b6eea4d163e19036f1bd9ffcd837035c8c61dba40270010d
  md5: f1b8c9615e97c1ea0831d1d655a5cea5
  depends:
  - vc >=14.3,<15
  - vc14_runtime >=14.44.35208
  - ucrt >=10.0.20348.0
  - vc >=14.3,<15
  - vc14_runtime >=14.44.35208
  - ucrt >=10.0.20348.0
  - perl >=5.32.1.1,<5.33.0a0 *_strawberry
  - openssl >=3.5.4,<4.0a0
  license: LGPL-2.0-only
  license_family: LGPL
  purls: []
  size: 957074
  timestamp: 1762078894675
- conda: https://conda.anaconda.org/conda-forge/win-64/greenlet-3.2.4-py314h13fbf68_1.conda
  sha256: 5c864457cb4b52b21d92631ba953dd7749c738e02b01d070803ebf7180ed779f
  md5: a95e74bb035bd5ed622e1001ffab9373
  depends:
  - python >=3.14.0rc2,<3.15.0a0
  - python_abi 3.14.* *_cp314
  - ucrt >=10.0.20348.0
  - vc >=14.3,<15
  - vc14_runtime >=14.44.35208
  license: MIT
  license_family: MIT
  purls:
  - pkg:pypi/greenlet?source=hash-mapping
  size: 224771
  timestamp: 1756752396675
- conda: https://conda.anaconda.org/conda-forge/win-64/icu-75.1-he0c23c2_0.conda
  sha256: 1d04369a1860a1e9e371b9fc82dd0092b616adcf057d6c88371856669280e920
  md5: 8579b6bb8d18be7c0b27fb08adeeeb40
  depends:
  - ucrt >=10.0.20348.0
  - vc >=14.2,<15
  - vc14_runtime >=14.29.30139
  license: MIT
  license_family: MIT
  purls: []
  size: 14544252
  timestamp: 1720853966338
- pypi: https://files.pythonhosted.org/packages/ff/1f/6a627c9bd7dea13235b65fce0fff987507269d41f957c578031796f70319/JayDeBeApi-1.2.3-py3-none-any.whl
  name: jaydebeapi
  version: 1.2.3
  sha256: d6256bdad1e14414225fbc839f7d56922ea3abc06153f3a57490fee909fecd64
  requires_dist:
  - jpype1<=0.7.1 ; python_full_version < '2.8' and platform_python_implementation != 'Jython'
  - jpype1 ; python_full_version >= '2.8' and platform_python_implementation != 'Jython'
- pypi: https://files.pythonhosted.org/packages/bd/68/47fa634cbd0418cbca86355e9421425f5892ee994f7338106327e49f9117/jpype1-1.5.2.tar.gz
  name: jpype1
  version: 1.5.2
  sha256: 74a42eccf21d30394c1832aec3985a14965fa5320da087b65029d172c0cec43b
  requires_dist:
  - packaging
  - readthedocs-sphinx-ext ; extra == 'docs'
  - sphinx ; extra == 'docs'
  - sphinx-rtd-theme ; extra == 'docs'
  - pytest ; extra == 'tests'
  requires_python: '>=3.8'
- conda: https://conda.anaconda.org/conda-forge/win-64/krb5-1.21.3-hdf4eb48_0.conda
  sha256: 18e8b3430d7d232dad132f574268f56b3eb1a19431d6d5de8c53c29e6c18fa81
  md5: 31aec030344e962fbd7dbbbbd68e60a9
  depends:
  - openssl >=3.3.1,<4.0a0
  - ucrt >=10.0.20348.0
  - vc >=14.2,<15
  - vc14_runtime >=14.29.30139
  license: MIT
  license_family: MIT
  purls: []
  size: 712034
  timestamp: 1719463874284
- conda: https://conda.anaconda.org/conda-forge/win-64/libexpat-2.7.1-hac47afa_0.conda
  sha256: 8432ca842bdf8073ccecf016ccc9140c41c7114dc4ec77ca754551c01f780845
  md5: 3608ffde260281fa641e70d6e34b1b96
  depends:
  - ucrt >=10.0.20348.0
  - vc >=14.3,<15
  - vc14_runtime >=14.44.35208
  constrains:
  - expat 2.7.1.*
  license: MIT
  license_family: MIT
  purls: []
  size: 141322
  timestamp: 1752719767870
- conda: https://conda.anaconda.org/conda-forge/win-64/libffi-3.5.2-h52bdfb6_0.conda
  sha256: ddff25aaa4f0aa535413f5d831b04073789522890a4d8626366e43ecde1534a3
  md5: ba4ad812d2afc22b9a34ce8327a0930f
  depends:
  - ucrt >=10.0.20348.0
  - vc >=14.3,<15
  - vc14_runtime >=14.44.35208
  license: MIT
  license_family: MIT
  purls: []
  size: 44866
  timestamp: 1760295760649
- conda: https://conda.anaconda.org/conda-forge/win-64/liblzma-5.8.1-h2466b09_2.conda
  sha256: 55764956eb9179b98de7cc0e55696f2eff8f7b83fc3ebff5e696ca358bca28cc
  md5: c15148b2e18da456f5108ccb5e411446
  depends:
  - ucrt >=10.0.20348.0
  - vc >=14.2,<15
  - vc14_runtime >=14.29.30139
  constrains:
  - xz 5.8.1.*
  license: 0BSD
  purls: []
  size: 104935
  timestamp: 1749230611612
- conda: https://conda.anaconda.org/conda-forge/win-64/libmpdec-4.0.0-h2466b09_0.conda
  sha256: fc529fc82c7caf51202cc5cec5bb1c2e8d90edbac6d0a4602c966366efe3c7bf
  md5: 74860100b2029e2523cf480804c76b9b
  depends:
  - ucrt >=10.0.20348.0
  - vc >=14.2,<15
  - vc14_runtime >=14.29.30139
  license: BSD-2-Clause
  license_family: BSD
  purls: []
  size: 88657
  timestamp: 1723861474602
- conda: https://conda.anaconda.org/conda-forge/win-64/libpq-18.0-h063c6db_0.conda
  sha256: 9a619bbd05b1903557748fae2919fed687902b83f1f6c0c752dee8d02202bfb7
  md5: d7cef404999b7e6d6280a2d6043c0799
  depends:
  - icu >=75.1,<76.0a0
  - krb5 >=1.21.3,<1.22.0a0
  - openssl >=3.5.3,<4.0a0
  - ucrt >=10.0.20348.0
  - vc >=14.3,<15
  - vc14_runtime >=14.44.35208
  license: PostgreSQL
  purls: []
  size: 3997429
  timestamp: 1758821091412
- conda: https://conda.anaconda.org/conda-forge/win-64/libsqlite-3.51.0-hf5d6505_0.conda
  sha256: 2373bd7450693bd0f624966e1bee2f49b0bf0ffbc114275ed0a43cf35aec5b21
  md5: d2c9300ebd2848862929b18c264d1b1e
  depends:
  - ucrt >=10.0.20348.0
  - vc >=14.3,<15
  - vc14_runtime >=14.44.35208
  license: blessing
  purls: []
  size: 1292710
  timestamp: 1762299749044
- conda: https://conda.anaconda.org/conda-forge/win-64/libzlib-1.3.1-h2466b09_2.conda
  sha256: ba945c6493449bed0e6e29883c4943817f7c79cbff52b83360f7b341277c6402
  md5: 41fbfac52c601159df6c01f875de31b9
  depends:
  - ucrt >=10.0.20348.0
  - vc >=14.2,<15
  - vc14_runtime >=14.29.30139
  constrains:
  - zlib 1.3.1 *_2
  license: Zlib
  license_family: Other
  purls: []
  size: 55476
  timestamp: 1727963768015
- conda: https://conda.anaconda.org/conda-forge/win-64/openssl-3.5.4-h725018a_0.conda
  sha256: 5ddc1e39e2a8b72db2431620ad1124016f3df135f87ebde450d235c212a61994
  md5: f28ffa510fe055ab518cbd9d6ddfea23
  depends:
  - ca-certificates
  - ucrt >=10.0.20348.0
  - vc >=14.3,<15
  - vc14_runtime >=14.44.35208
  license: Apache-2.0
  license_family: Apache
  purls: []
  size: 9218823
  timestamp: 1759326176247
- conda: https://conda.anaconda.org/conda-forge/win-64/oracledb-3.4.0-py314h5a2d7ad_0.conda
  sha256: 949b3fef7ebe45cc7c079d0b8a5cbad5cba68489b6bf36d8c6fc5560776cc945
  md5: 827b8d846b6a28fd91f79c4ca6bf97fd
  depends:
  - cryptography >=3.2.1
  - python >=3.14,<3.15.0a0
  - python_abi 3.14.* *_cp314
  - typing_extensions >=4.14.0
  - ucrt >=10.0.20348.0
  - vc >=14.3,<15
  - vc14_runtime >=14.44.35208
  license: Apache-2.0
  license_family: Apache
  purls:
  - pkg:pypi/oracledb?source=hash-mapping
  size: 1469309
  timestamp: 1760029471
- pypi: https://files.pythonhosted.org/packages/20/12/38679034af332785aac8774540895e234f4d07f7545804097de4b666afd8/packaging-25.0-py3-none-any.whl
  name: packaging
  version: '25.0'
  sha256: 29572ef2b1f17581046b3a2227d5c611fb25ec70ca1ba8554b24b0e69331a484
  requires_python: '>=3.8'
- conda: https://conda.anaconda.org/conda-forge/win-64/perl-5.32.1.1-7_h57928b3_strawberry.conda
  build_number: 7
  sha256: 9e8ab3e0a3a264e68c6a36897b6fdcdb5d32d30b22f238f23a89ab670f1e6612
  md5: 07cdf8cf0276211b079a5d57d7853dc4
  license: GPL-1.0-or-later OR Artistic-1.0-Perl
  purls: []
  size: 28889712
  timestamp: 1703310809518
- conda: https://conda.anaconda.org/conda-forge/noarch/psycopg-3.2.12-pyh848bd53_0.conda
  sha256: 4d26b1fb9834bffe55602594b65590fd5337bd719c7e68ce9352782c95b32a72
  md5: 17c083ef326469c4cc1e12f36da3ef89
  depends:
  - libpq
  - psycopg-c >=3.2.12,<3.2.13.0a0
  - python >=3.10
  - typing-extensions >=4.6
  license: LGPL-3.0-only
  license_family: LGPL
  purls:
  - pkg:pypi/psycopg?source=hash-mapping
  size: 141566
  timestamp: 1761471320780
- conda: https://conda.anaconda.org/conda-forge/win-64/psycopg-c-3.2.12-py314hadde02f_0.conda
  sha256: cffc8bbf14e9aa895074bc7a6d5c8e5f85826cc33fd8ae4e8889f68971407421
  md5: f4cd63ed9fcb5bb491371429abf36c62
  depends:
  - libpq >=18.0,<19.0a0
  - python >=3.14,<3.15.0a0
  - python_abi 3.14.* *_cp314
  - ucrt >=10.0.20348.0
  - vc >=14.3,<15
  - vc14_runtime >=14.44.35208
  license: LGPL-3.0-only
  license_family: LGPL
  purls:
  - pkg:pypi/psycopg-c?source=hash-mapping
  size: 257411
  timestamp: 1761471539298
- conda: https://conda.anaconda.org/conda-forge/noarch/pycparser-2.22-pyh29332c3_1.conda
  sha256: 79db7928d13fab2d892592223d7570f5061c192f27b9febd1a418427b719acc6
  md5: 12c566707c80111f9799308d9e265aef
  depends:
  - python >=3.9
  - python
  license: BSD-3-Clause
  license_family: BSD
  purls:
  - pkg:pypi/pycparser?source=hash-mapping
  size: 110100
  timestamp: 1733195786147
- conda: https://conda.anaconda.org/conda-forge/win-64/pymssql-2.3.8-py314h13fbf68_0.conda
  sha256: fcd52ace6d76e38d8cfaeedebee5faa353d0795f7b998549ebbbb9d6b7574151
  md5: cdd48f4d45fac29f78d77b93c9efdeaa
  depends:
  - freetds >=1.5.6,<2.0a0
  - python >=3.14,<3.15.0a0
  - python_abi 3.14.* *_cp314
  - ucrt >=10.0.20348.0
  - vc >=14.3,<15
  - vc14_runtime >=14.44.35208
  license: LGPL-2.1-or-later
  license_family: LGPL
  purls:
  - pkg:pypi/pymssql?source=hash-mapping
  size: 214451
  timestamp: 1760257805435
- conda: https://conda.anaconda.org/conda-forge/noarch/pymysql-1.1.2-pyhcf101f3_0.conda
  sha256: d3a66e4c2d2641ca96d3fe44609893880e4224471b2d6408321db52ced752861
  md5: 61f563c0fdc31563304deab040b48926
  depends:
  - python >=3.10
  - python
  license: MIT
  license_family: MIT
  purls:
  - pkg:pypi/pymysql?source=hash-mapping
  size: 46152
  timestamp: 1756086805244
- conda: https://conda.anaconda.org/conda-forge/win-64/python-3.14.0-h4b44e0e_102_cp314.conda
  build_number: 102
  sha256: 2b8c8fcafcc30690b4c5991ee28eb80c962e50e06ce7da03b2b302e2d39d6a81
  md5: 3e1ce2fb0f277cebcae01a3c418eb5e2
  depends:
  - bzip2 >=1.0.8,<2.0a0
  - libexpat >=2.7.1,<3.0a0
  - libffi >=3.5.2,<3.6.0a0
  - liblzma >=5.8.1,<6.0a0
  - libmpdec >=4.0.0,<5.0a0
  - libsqlite >=3.50.4,<4.0a0
  - libzlib >=1.3.1,<2.0a0
  - openssl >=3.5.4,<4.0a0
  - python_abi 3.14.* *_cp314
  - tk >=8.6.13,<8.7.0a0
  - tzdata
  - ucrt >=10.0.20348.0
  - vc >=14.3,<15
  - vc14_runtime >=14.44.35208
  - zstd >=1.5.7,<1.6.0a0
  license: Python-2.0
  purls: []
  size: 16706286
  timestamp: 1761175439068
  python_site_packages_path: Lib/site-packages
- conda: https://conda.anaconda.org/conda-forge/noarch/python_abi-3.14-8_cp314.conda
  build_number: 8
  sha256: ad6d2e9ac39751cc0529dd1566a26751a0bf2542adb0c232533d32e176e21db5
  md5: 0539938c55b6b1a59b560e843ad864a4
  constrains:
  - python 3.14.* *_cp314
  license: BSD-3-Clause
  license_family: BSD
  purls: []
  size: 6989
  timestamp: 1752805904792
- conda: https://conda.anaconda.org/conda-forge/win-64/sqlalchemy-2.0.44-py314h5a2d7ad_0.conda
  sha256: f450f33477bb2214e1a1a477217fdaaff619b0ab31398b640fbd7bcfa2744d44
  md5: 714845e52d29c4535c4519a721e57caa
  depends:
  - greenlet !=0.4.17
  - python >=3.14,<3.15.0a0
  - python_abi 3.14.* *_cp314
  - typing-extensions >=4.6.0
  - ucrt >=10.0.20348.0
  - vc >=14.3,<15
  - vc14_runtime >=14.44.35208
  license: MIT
  license_family: MIT
  purls:
  - pkg:pypi/sqlalchemy?source=hash-mapping
  size: 3749251
  timestamp: 1760114891585
- conda: https://conda.anaconda.org/conda-forge/win-64/tk-8.6.13-h2c6b04d_2.conda
  sha256: e3614b0eb4abcc70d98eae159db59d9b4059ed743ef402081151a948dce95896
  md5: ebd0e761de9aa879a51d22cc721bd095
  depends:
  - ucrt >=10.0.20348.0
  - vc >=14.2,<15
  - vc14_runtime >=14.29.30139
  license: TCL
  license_family: BSD
  purls: []
  size: 3466348
  timestamp: 1748388121356
- conda: https://conda.anaconda.org/conda-forge/noarch/tomli-w-1.2.0-pyhd8ed1ab_0.conda
  sha256: 304834f2438017921d69f05b3f5a6394b42dc89a90a6128a46acbf8160d377f6
  md5: 32e37e8fe9ef45c637ee38ad51377769
  depends:
  - python >=3.9
  license: MIT
  license_family: MIT
  purls:
  - pkg:pypi/tomli-w?source=hash-mapping
  size: 12680
  timestamp: 1736962345843
- conda: https://conda.anaconda.org/conda-forge/noarch/typing-extensions-4.15.0-h396c80c_0.conda
  sha256: 7c2df5721c742c2a47b2c8f960e718c930031663ac1174da67c1ed5999f7938c
  md5: edd329d7d3a4ab45dcf905899a7a6115
  depends:
  - typing_extensions ==4.15.0 pyhcf101f3_0
  license: PSF-2.0
  license_family: PSF
  purls: []
  size: 91383
  timestamp: 1756220668932
- conda: https://conda.anaconda.org/conda-forge/noarch/typing_extensions-4.15.0-pyhcf101f3_0.conda
  sha256: 032271135bca55aeb156cee361c81350c6f3fb203f57d024d7e5a1fc9ef18731
  md5: 0caa1af407ecff61170c9437a808404d
  depends:
  - python >=3.10
  - python
  license: PSF-2.0
  license_family: PSF
  purls:
  - pkg:pypi/typing-extensions?source=hash-mapping
  size: 51692
  timestamp: 1756220668932
- conda: https://conda.anaconda.org/conda-forge/noarch/tzdata-2025b-h78e105d_0.conda
  sha256: 5aaa366385d716557e365f0a4e9c3fca43ba196872abbbe3d56bb610d131e192
  md5: 4222072737ccff51314b5ece9c7d6f5a
  license: LicenseRef-Public-Domain
  purls: []
  size: 122968
  timestamp: 1742727099393
- conda: https://conda.anaconda.org/conda-forge/win-64/ucrt-10.0.26100.0-h57928b3_0.conda
  sha256: 3005729dce6f3d3f5ec91dfc49fc75a0095f9cd23bab49efb899657297ac91a5
  md5: 71b24316859acd00bdb8b38f5e2ce328
  constrains:
  - vc14_runtime >=14.29.30037
  - vs2015_runtime >=14.29.30037
  license: LicenseRef-MicrosoftWindowsSDK10
  purls: []
  size: 694692
  timestamp: 1756385147981
- conda: https://conda.anaconda.org/conda-forge/win-64/vc-14.3-h2b53caa_32.conda
  sha256: 82250af59af9ff3c6a635dd4c4764c631d854feb334d6747d356d949af44d7cf
  md5: ef02bbe151253a72b8eda264a935db66
  depends:
  - vc14_runtime >=14.42.34433
  track_features:
  - vc14
  license: BSD-3-Clause
  license_family: BSD
  purls: []
  size: 18861
  timestamp: 1760418772353
- conda: https://conda.anaconda.org/conda-forge/win-64/vc14_runtime-14.44.35208-h818238b_32.conda
  sha256: e3a3656b70d1202e0d042811ceb743bd0d9f7e00e2acdf824d231b044ef6c0fd
  md5: 378d5dcec45eaea8d303da6f00447ac0
  depends:
  - ucrt >=10.0.20348.0
  - vcomp14 14.44.35208 h818238b_32
  constrains:
  - vs2015_runtime 14.44.35208.* *_32
  license: LicenseRef-MicrosoftVisualCpp2015-2022Runtime
  license_family: Proprietary
  purls: []
  size: 682706
  timestamp: 1760418629729
- conda: https://conda.anaconda.org/conda-forge/win-64/vcomp14-14.44.35208-h818238b_32.conda
  sha256: f3790c88fbbdc55874f41de81a4237b1b91eab75e05d0e58661518ff04d2a8a1
  md5: 58f67b437acbf2764317ba273d731f1d
  depends:
  - ucrt >=10.0.20348.0
  constrains:
  - vs2015_runtime 14.44.35208.* *_32
  license: LicenseRef-MicrosoftVisualCpp2015-2022Runtime
  license_family: Proprietary
  purls: []
  size: 114846
  timestamp: 1760418593847
- conda: https://conda.anaconda.org/conda-forge/win-64/zstd-1.5.7-hbeecb71_2.conda
  sha256: bc64864377d809b904e877a98d0584f43836c9f2ef27d3d2a1421fa6eae7ca04
  md5: 21f56217d6125fb30c3c3f10c786d751
  depends:
  - libzlib >=1.3.1,<2.0a0
  - ucrt >=10.0.20348.0
  - vc >=14.2,<15
  - vc14_runtime >=14.29.30139
  license: BSD-3-Clause
  license_family: BSD
  purls: []
  size: 354697
  timestamp: 1742433568506
